{
  "requires": true,
  "lockfileVersion": 1,
  "dependencies": {
    "rc5": {
      "version": "1.0.0",
      "resolved": "https://registry.npmjs.org/rc5/-/rc5-1.0.0.tgz",
      "integrity": "sha512-qc2RxJ8uI6lKk5R5D5cvlhbbvH3cM1ZlynY0SRTq56W4PwF4MmO2Qhp7sNiNZc9km7MaCXKrhXSEzfBNnMAPRg=="
    }
  }
}
